
Microsoft Visual Studio Solution File, Format Version 12.00
# Visual Studio Version 16
VisualStudioVersion = 16.0.29609.76
MinimumVisualStudioVersion = 10.0.40219.1
Project("{8BC9CEB8-8B4A-11D0-8D11-00A0C91BC942}") = "4.家谱管理系统", "Design_4.vcxproj", "{8536892D-CE6A-4AA7-A5BD-589A8DD74EDF}"
EndProject
Global
	GlobalSection(SolutionConfigurationPlatforms) = preSolution
		Debug|x64 = Debug|x64
		Debug|x86 = Debug|x86
		Release|x64 = Release|x64
		Release|x86 = Release|x86
	EndGlobalSection
	GlobalSection(ProjectConfigurationPlatforms) = postSolution
		{8536892D-CE6A-4AA7-A5BD-589A8DD74EDF}.Debug|x64.ActiveCfg = Debug|x64
		{8536892D-CE6A-4AA7-A5BD-589A8DD74EDF}.Debug|x64.Build.0 = Debug|x64
		{8536892D-CE6A-4AA7-A5BD-589A8DD74EDF}.Debug|x86.ActiveCfg = Debug|Win32
		{8536892D-CE6A-4AA7-A5BD-589A8DD74EDF}.Debug|x86.Build.0 = Debug|Win32
		{8536892D-CE6A-4AA7-A5BD-589A8DD74EDF}.Release|x64.ActiveCfg = Release|x64
		{8536892D-CE6A-4AA7-A5BD-589A8DD74EDF}.Release|x64.Build.0 = Release|x64
		{8536892D-CE6A-4AA7-A5BD-589A8DD74EDF}.Release|x86.ActiveCfg = Release|Win32
		{8536892D-CE6A-4AA7-A5BD-589A8DD74EDF}.Release|x86.Build.0 = Release|Win32
	EndGlobalSection
	GlobalSection(SolutionProperties) = preSolution
		HideSolutionNode = FALSE
	EndGlobalSection
	GlobalSection(ExtensibilityGlobals) = postSolution
		SolutionGuid = {75B1F22D-4F59-45AC-ABAD-4E0382EFE567}
	EndGlobalSection
EndGlobal
